
Microsoft Visual Studio Solution File, Format Version 12.00
# Visual Studio Version 17
VisualStudioVersion = 17.9.34607.119
MinimumVisualStudioVersion = 10.0.40219.1
Project("{FAE04EC0-301F-11D3-BF4B-00C04F79EFBC}") = "prjILieToSirAboutUnitTesting", "prjILieToSirAboutUnitTesting\prjILieToSirAboutUnitTesting.csproj", "{B9B43064-98C5-4501-9F75-4C44AAB75E3A}"
EndProject
Project("{FAE04EC0-301F-11D3-BF4B-00C04F79EFBC}") = "TestIWantANewProgLecturer", "TestIWantANewProgLecturer\TestIWantANewProgLecturer.csproj", "{222F2203-D8FF-4D1E-8B62-946B97D43074}"
EndProject
Global
	GlobalSection(SolutionConfigurationPlatforms) = preSolution
		Debug|Any CPU = Debug|Any CPU
		Release|Any CPU = Release|Any CPU
	EndGlobalSection
	GlobalSection(ProjectConfigurationPlatforms) = postSolution
		{B9B43064-98C5-4501-9F75-4C44AAB75E3A}.Debug|Any CPU.ActiveCfg = Debug|Any CPU
		{B9B43064-98C5-4501-9F75-4C44AAB75E3A}.Debug|Any CPU.Build.0 = Debug|Any CPU
		{B9B43064-98C5-4501-9F75-4C44AAB75E3A}.Release|Any CPU.ActiveCfg = Release|Any CPU
		{B9B43064-98C5-4501-9F75-4C44AAB75E3A}.Release|Any CPU.Build.0 = Release|Any CPU
		{222F2203-D8FF-4D1E-8B62-946B97D43074}.Debug|Any CPU.ActiveCfg = Debug|Any CPU
		{222F2203-D8FF-4D1E-8B62-946B97D43074}.Debug|Any CPU.Build.0 = Debug|Any CPU
		{222F2203-D8FF-4D1E-8B62-946B97D43074}.Release|Any CPU.ActiveCfg = Release|Any CPU
		{222F2203-D8FF-4D1E-8B62-946B97D43074}.Release|Any CPU.Build.0 = Release|Any CPU
	EndGlobalSection
	GlobalSection(SolutionProperties) = preSolution
		HideSolutionNode = FALSE
	EndGlobalSection
	GlobalSection(ExtensibilityGlobals) = postSolution
		SolutionGuid = {9B17394A-E5F0-4FFE-B654-D6B463635E3C}
	EndGlobalSection
EndGlobal
